// !$*UTF8*$!
{
	archiveVersion = 1;
	classes = {
	};
	objectVersion = 46;
	objects = {

/* Begin PBXBuildFile section */
		C575E2061CF4F64200301CCE /* AppDelegate.swift in Sources */ = {isa = PBXBuildFile; fileRef = C575E2051CF4F64200301CCE /* AppDelegate.swift */; };
		C575E2081CF4F64200301CCE /* ViewController.swift in Sources */ = {isa = PBXBuildFile; fileRef = C575E2071CF4F64200301CCE /* ViewController.swift */; };
		C575E20B1CF4F64200301CCE /* Main.storyboard in Resources */ = {isa = PBXBuildFile; fileRef = C575E2091CF4F64200301CCE /* Main.storyboard */; };
		C575E20D1CF4F64200301CCE /* Assets.xcassets in Resources */ = {isa = PBXBuildFile; fileRef = C575E20C1CF4F64200301CCE /* Assets.xcassets */; };
		C575E2101CF4F64200301CCE /* LaunchScreen.storyboard in Resources */ = {isa = PBXBuildFile; fileRef = C575E20E1CF4F64200301CCE /* LaunchScreen.storyboard */; };
/* End PBXBuildFile section */

/* Begin PBXFileReference section */
		C575E2021CF4F64100301CCE /* UICollectionView_Template.app */ = {isa = PBXFileReference; explicitFileType = wrapper.application; includeInIndex = 0; path = UICollectionView_Template.app; sourceTree = BUILT_PRODUCTS_DIR; };
		C575E2051CF4F64200301CCE /* AppDelegate.swift */ = {isa = PBXFileReference; lastKnownFileType = sourcecode.swift; path = AppDelegate.swift; sourceTree = "<group>"; };
		C575E2071CF4F64200301CCE /* ViewController.swift */ = {isa = PBXFileReference; lastKnownFileType = sourcecode.swift; path = ViewController.swift; sourceTree = "<group>"; };
		C575E20A1CF4F64200301CCE /* Base */ = {isa = PBXFileReference; lastKnownFileType = file.storyboard; name = Base; path = Base.lproj/Main.storyboard; sourceTree = "<group>"; };
		C575E20C1CF4F64200301CCE /* Assets.xcassets */ = {isa = PBXFileReference; lastKnownFileType = folder.assetcatalog; path = Assets.xcassets; sourceTree = "<group>"; };
		C575E20F1CF4F64200301CCE /* Base */ = {isa = PBXFileReference; lastKnownFileType = file.storyboard; name = Base; path = Base.lproj/LaunchScreen.storyboard; sourceTree = "<group>"; };
		C575E2111CF4F64200301CCE /* Info.plist */ = {isa = PBXFileReference; lastKnownFileType = text.plist.xml; path = Info.plist; sourceTree = "<group>"; };
/* End PBXFileReference section */

/* Begin PBXFrameworksBuildPhase section */
		C575E1FF1CF4F64100301CCE /* Frameworks */ = {
			isa = PBXFrameworksBuildPhase;
			buildActionMask = 2147483647;
			files = (
			);
			runOnlyForDeploymentPostprocessing = 0;
		};
/* End PBXFrameworksBuildPhase section */

/* Begin PBXGroup section */
		C575E1F91CF4F64100301CCE = {
			isa = PBXGroup;
			children = (
				C575E2041CF4F64200301CCE /* UICollectionView_Template */,
				C575E2031CF4F64100301CCE /* Products */,
			);
			sourceTree = "<group>";
		};
		C575E2031CF4F64100301CCE /* Products */ = {
			isa = PBXGroup;
			children = (
				C575E2021CF4F64100301CCE /* UICollectionView_Template.app */,
			);
			name = Products;
			sourceTree = "<group>";
		};
		C575E2041CF4F64200301CCE /* UICollectionView_Template */ = {
			isa = PBXGroup;
			children = (
				C575E2051CF4F64200301CCE /* AppDelegate.swift */,
				C575E2071CF4F64200301CCE /* ViewController.swift */,
				C575E2091CF4F64200301CCE /* Main.storyboard */,
				C575E20C1CF4F64200301CCE /* Assets.xcassets */,
				C575E20E1CF4F64200301CCE /* LaunchScreen.storyboard */,
				C575E2111CF4F64200301CCE /* Info.plist */,
			);
			path = UICollectionView_Template;
			sourceTree = "<group>";
		};
/* End PBXGroup section */

/* Begin PBXNativeTarget section */
		C575E2011CF4F64100301CCE /* UICollectionView_Template */ = {
			isa = PBXNativeTarget;
			buildConfigurationList = C575E2141CF4F64200301CCE /* Build configuration list for PBXNativeTarget "UICollectionView_Template" */;
			buildPhases = (
				C575E1FE1CF4F64100301CCE /* Sources */,
				C575E1FF1CF4F64100301CCE /* Frameworks */,
				C575E2001CF4F64100301CCE /* Resources */,
			);
			buildRules = (
			);
			dependencies = (
			);
			name = UICollectionView_Template;
			productName = UICollectionView_Template;
			productReference = C575E2021CF4F64100301CCE /* UICollectionView_Template.app */;
			productType = "com.apple.product-type.application";
		};
/* End PBXNativeTarget section */

/* Begin PBXProject section */
		C575E1FA1CF4F64100301CCE /* Project object */ = {
			isa = PBXProject;
			attributes = {
				LastSwiftUpdateCheck = 0730;
				LastUpgradeCheck = 0730;
				ORGANIZATIONNAME = "Warren Seto";
				TargetAttributes = {
					C575E2011CF4F64100301CCE = {
						CreatedOnToolsVersion = 7.3.1;
					};
				};
			};
			buildConfigurationList = C575E1FD1CF4F64100301CCE /* Build configuration list for PBXProject "UICollectionView_Template" */;
			compatibilityVersion = "Xcode 3.2";
			developmentRegion = English;
			hasScannedForEncodings = 0;
			knownRegions = (
				en,
				Base,
			);
			mainGroup = C575E1F91CF4F64100301CCE;
			productRefGroup = C575E2031CF4F64100301CCE /* Products */;
			projectDirPath = "";
			projectRoot = "";
			targets = (
				C575E2011CF4F64100301CCE /* UICollectionView_Template */,
			);
		};
/* End PBXProject section */

/* Begin PBXResourcesBuildPhase section */
		C575E2001CF4F64100301CCE /* Resources */ = {
			isa = PBXResourcesBuildPhase;
			buildActionMask = 2147483647;
			files = (
				C575E2101CF4F64200301CCE /* LaunchScreen.storyboard in Resources */,
				C575E20D1CF4F64200301CCE /* Assets.xcassets in Resources */,
				C575E20B1CF4F64200301CCE /* Main.storyboard in Resources */,
			);
			runOnlyForDeploymentPostprocessing = 0;
		};
/* End PBXResourcesBuildPhase section */

/* Begin PBXSourcesBuildPhase section */
		C575E1FE1CF4F64100301CCE /* Sources */ = {
			isa = PBXSourcesBuildPhase;
			buildActionMask = 2147483647;
			files = (
				C575E2081CF4F64200301CCE /* ViewController.swift in Sources */,
				C575E2061CF4F64200301CCE /* AppDelegate.swift in Sources */,
			);
			runOnlyForDeploymentPostprocessing = 0;
		};
/* End PBXSourcesBuildPhase section */

/* Begin PBXVariantGroup section */
		C575E2091CF4F64200301CCE /* Main.storyboard */ = {
			isa = PBXVariantGroup;
			children = (
				C575E20A1CF4F64200301CCE /* Base */,
			);
			name = Main.storyboard;
			sourceTree = "<group>";
		};
		C575E20E1CF4F64200301CCE /* LaunchScreen.storyboard */ = {
			isa = PBXVariantGroup;
			children = (
				C575E20F1CF4F64200301CCE /* Base */,
			);
			name = LaunchScreen.storyboard;
			sourceTree = "<group>";
		};
/* End PBXVariantGroup section */

/* Begin XCBuildConfiguration section */
		C575E2121CF4F64200301CCE /* Debug */ = {
			isa = XCBuildConfiguration;
			buildSettings = {
				ALWAYS_SEARCH_USER_PATHS = NO;
				CLANG_ANALYZER_NONNULL = YES;
				CLANG_CXX_LANGUAGE_STANDARD = "gnu++0x";
				CLANG_CXX_LIBRARY = "libc++";
				CLANG_ENABLE_MODULES = YES;
				CLANG_ENABLE_OBJC_ARC = YES;
				CLANG_WARN_BOOL_CONVERSION = YES;
				CLANG_WARN_CONSTANT_CONVERSION = YES;
				CLANG_WARN_DIRECT_OBJC_ISA_USAGE = YES_ERROR;
				CLANG_WARN_EMPTY_BODY = YES;
				CLANG_WARN_ENUM_CONVERSION = YES;
				CLANG_WARN_INT_CONVERSION = YES;
				CLANG_WARN_OBJC_ROOT_CLASS = YES_ERROR;
				CLANG_WARN_UNREACHABLE_CODE = YES;
				CLANG_WARN__DUPLICATE_METHOD_MATCH = YES;
				"CODE_SIGN_IDENTITY[sdk=iphoneos*]" = "iPhone Developer";
				COPY_PHASE_STRIP = NO;
				DEBUG_INFORMATION_FORMAT = dwarf;
				ENABLE_STRICT_OBJC_MSGSEND = YES;
				ENABLE_TESTABILITY = YES;
				GCC_C_LANGUAGE_STANDARD = gnu99;
				GCC_DYNAMIC_NO_PIC = NO;
				GCC_NO_COMMON_BLOCKS = YES;
				GCC_OPTIMIZATION_LEVEL = 0;
				GCC_PREPROCESSOR_DEFINITIONS = (
					"DEBUG=1",
					"$(inherited)",
				);
				GCC_WARN_64_TO_32_BIT_CONVERSION = YES;
				GCC_WARN_ABOUT_RETURN_TYPE = YES_ERROR;
				GCC_WARN_UNDECLARED_SELECTOR = YES;
				GCC_WARN_UNINITIALIZED_AUTOS = YES_AGGRESSIVE;
				GCC_WARN_UNUSED_FUNCTION = YES;
				GCC_WARN_UNUSED_VARIABLE = YES;
				IPHONEOS_DEPLOYMENT_TARGET = 9.3;
				MTL_ENABLE_DEBUG_INFO = YES;
				ONLY_ACTIVE_ARCH = YES;
				SDKROOT = iphoneos;
				SWIFT_OPTIMIZATION_LEVEL = "-Onone";
				TARGETED_DEVICE_FAMILY = "1,2";
			};
			name = Debug;
		};
		C575E2131CF4F64200301CCE /* Release */ = {
			isa = XCBuildConfiguration;
			buildSettings = {
				ALWAYS_SEARCH_USER_PATHS = NO;
				CLANG_ANALYZER_NONNULL = YES;
				CLANG_CXX_LANGUAGE_STANDARD = "gnu++0x";
				CLANG_CXX_LIBRARY = "libc++";
				CLANG_ENABLE_MODULES = YES;
				CLANG_ENABLE_OBJC_ARC = YES;
				CLANG_WARN_BOOL_CONVERSION = YES;
				CLANG_WARN_CONSTANT_CONVERSION = YES;
				CLANG_WARN_DIRECT_OBJC_ISA_USAGE = YES_ERROR;
				CLANG_WARN_EMPTY_BODY = YES;
				CLANG_WARN_ENUM_CONVERSION = YES;
				CLANG_WARN_INT_CONVERSION = YES;
				CLANG_WARN_OBJC_ROOT_CLASS = YES_ERROR;
				CLANG_WARN_UNREACHABLE_CODE = YES;
				CLANG_WARN__DUPLICATE_METHOD_MATCH = YES;
				"CODE_SIGN_IDENTITY[sdk=iphoneos*]" = "iPhone Developer";
				COPY_PHASE_STRIP = NO;
				DEBUG_INFORMATION_FORMAT = "dwarf-with-dsym";
				ENABLE_NS_ASSERTIONS = NO;
				ENABLE_STRICT_OBJC_MSGSEND = YES;
				GCC_C_LANGUAGE_STANDARD = gnu99;
				GCC_NO_COMMON_BLOCKS = YES;
				GCC_WARN_64_TO_32_BIT_CONVERSION = YES;
				GCC_WARN_ABOUT_RETURN_TYPE = YES_ERROR;
				GCC_WARN_UNDECLARED_SELECTOR = YES;
				GCC_WARN_UNINITIALIZED_AUTOS = YES_AGGRESSIVE;
				GCC_WARN_UNUSED_FUNCTION = YES;
				GCC_WARN_UNUSED_VARIABLE = YES;
				IPHONEOS_DEPLOYMENT_TARGET = 9.3;
				MTL_ENABLE_DEBUG_INFO = NO;
				SDKROOT = iphoneos;
				TARGETED_DEVICE_FAMILY = "1,2";
				VALIDATE_PRODUCT = YES;
			};
			name = Release;
		};
		C575E2151CF4F64200301CCE /* Debug */ = {
			isa = XCBuildConfiguration;
			buildSettings = {
				ASSETCATALOG_COMPILER_APPICON_NAME = AppIcon;
				INFOPLIST_FILE = UICollectionView_Template/Info.plist;
				IPHONEOS_DEPLOYMENT_TARGET = 8.0;
				LD_RUNPATH_SEARCH_PATHS = "$(inherited) @executable_path/Frameworks";
				PRODUCT_BUNDLE_IDENTIFIER = "nextseto.UICollectionView-Template";
				PRODUCT_NAME = "$(TARGET_NAME)";
			};
			name = Debug;
		};
		C575E2161CF4F64200301CCE /* Release */ = {
			isa = XCBuildConfiguration;
			buildSettings = {
				ASSETCATALOG_COMPILER_APPICON_NAME = AppIcon;
				INFOPLIST_FILE = UICollectionView_Template/Info.plist;
				IPHONEOS_DEPLOYMENT_TARGET = 8.0;
				LD_RUNPATH_SEARCH_PATHS = "$(inherited) @executable_path/Frameworks";
				PRODUCT_BUNDLE_IDENTIFIER = "nextseto.UICollectionView-Template";
				PRODUCT_NAME = "$(TARGET_NAME)";
			};
			name = Release;
		};
/* End XCBuildConfiguration section */

/* Begin XCConfigurationList section */
		C575E1FD1CF4F64100301CCE /* Build configuration list for PBXProject "UICollectionView_Template" */ = {
			isa = XCConfigurationList;
			buildConfigurations = (
				C575E2121CF4F64200301CCE /* Debug */,
				C575E2131CF4F64200301CCE /* Release */,
			);
			defaultConfigurationIsVisible = 0;
			defaultConfigurationName = Release;
		};
		C575E2141CF4F64200301CCE /* Build configuration list for PBXNativeTarget "UICollectionView_Template" */ = {
			isa = XCConfigurationList;
			buildConfigurations = (
				C575E2151CF4F64200301CCE /* Debug */,
				C575E2161CF4F64200301CCE /* Release */,
			);
			defaultConfigurationIsVisible = 0;
		};
/* End XCConfigurationList section */
	};
	rootObject = C575E1FA1CF4F64100301CCE /* Project object */;
}
