// !$*UTF8*$!
{
	archiveVersion = 1;
	classes = {
	};
	objectVersion = 46;
	objects = {

/* Begin PBXBuildFile section */
		C5F1A0741B78F60100456EF4 /* AppDelegate.swift in Sources */ = {isa = PBXBuildFile; fileRef = C5F1A0731B78F60100456EF4 /* AppDelegate.swift */; };
		C5F1A0761B78F60100456EF4 /* ViewController.swift in Sources */ = {isa = PBXBuildFile; fileRef = C5F1A0751B78F60100456EF4 /* ViewController.swift */; };
		C5F1A0791B78F60100456EF4 /* Main.storyboard in Resources */ = {isa = PBXBuildFile; fileRef = C5F1A0771B78F60100456EF4 /* Main.storyboard */; };
		C5F1A07B1B78F60100456EF4 /* Images.xcassets in Resources */ = {isa = PBXBuildFile; fileRef = C5F1A07A1B78F60100456EF4 /* Images.xcassets */; };
		C5F1A07E1B78F60100456EF4 /* LaunchScreen.xib in Resources */ = {isa = PBXBuildFile; fileRef = C5F1A07C1B78F60100456EF4 /* LaunchScreen.xib */; };
		C5F1A08A1B78F60100456EF4 /* cellsTests.swift in Sources */ = {isa = PBXBuildFile; fileRef = C5F1A0891B78F60100456EF4 /* cellsTests.swift */; };
/* End PBXBuildFile section */

/* Begin PBXContainerItemProxy section */
		C5F1A0841B78F60100456EF4 /* PBXContainerItemProxy */ = {
			isa = PBXContainerItemProxy;
			containerPortal = C5F1A0661B78F60100456EF4 /* Project object */;
			proxyType = 1;
			remoteGlobalIDString = C5F1A06D1B78F60100456EF4;
			remoteInfo = cells;
		};
/* End PBXContainerItemProxy section */

/* Begin PBXFileReference section */
		C5F1A06E1B78F60100456EF4 /* cells.app */ = {isa = PBXFileReference; explicitFileType = wrapper.application; includeInIndex = 0; path = cells.app; sourceTree = BUILT_PRODUCTS_DIR; };
		C5F1A0721B78F60100456EF4 /* Info.plist */ = {isa = PBXFileReference; lastKnownFileType = text.plist.xml; path = Info.plist; sourceTree = "<group>"; };
		C5F1A0731B78F60100456EF4 /* AppDelegate.swift */ = {isa = PBXFileReference; lastKnownFileType = sourcecode.swift; path = AppDelegate.swift; sourceTree = "<group>"; };
		C5F1A0751B78F60100456EF4 /* ViewController.swift */ = {isa = PBXFileReference; lastKnownFileType = sourcecode.swift; path = ViewController.swift; sourceTree = "<group>"; };
		C5F1A0781B78F60100456EF4 /* Base */ = {isa = PBXFileReference; lastKnownFileType = file.storyboard; name = Base; path = Base.lproj/Main.storyboard; sourceTree = "<group>"; };
		C5F1A07A1B78F60100456EF4 /* Images.xcassets */ = {isa = PBXFileReference; lastKnownFileType = folder.assetcatalog; path = Images.xcassets; sourceTree = "<group>"; };
		C5F1A07D1B78F60100456EF4 /* Base */ = {isa = PBXFileReference; lastKnownFileType = file.xib; name = Base; path = Base.lproj/LaunchScreen.xib; sourceTree = "<group>"; };
		C5F1A0831B78F60100456EF4 /* cellsTests.xctest */ = {isa = PBXFileReference; explicitFileType = wrapper.cfbundle; includeInIndex = 0; path = cellsTests.xctest; sourceTree = BUILT_PRODUCTS_DIR; };
		C5F1A0881B78F60100456EF4 /* Info.plist */ = {isa = PBXFileReference; lastKnownFileType = text.plist.xml; path = Info.plist; sourceTree = "<group>"; };
		C5F1A0891B78F60100456EF4 /* cellsTests.swift */ = {isa = PBXFileReference; lastKnownFileType = sourcecode.swift; path = cellsTests.swift; sourceTree = "<group>"; };
/* End PBXFileReference section */

/* Begin PBXFrameworksBuildPhase section */
		C5F1A06B1B78F60100456EF4 /* Frameworks */ = {
			isa = PBXFrameworksBuildPhase;
			buildActionMask = 2147483647;
			files = (
			);
			runOnlyForDeploymentPostprocessing = 0;
		};
		C5F1A0801B78F60100456EF4 /* Frameworks */ = {
			isa = PBXFrameworksBuildPhase;
			buildActionMask = 2147483647;
			files = (
			);
			runOnlyForDeploymentPostprocessing = 0;
		};
/* End PBXFrameworksBuildPhase section */

/* Begin PBXGroup section */
		C5F1A0651B78F60100456EF4 = {
			isa = PBXGroup;
			children = (
				C5F1A0701B78F60100456EF4 /* cells */,
				C5F1A0861B78F60100456EF4 /* cellsTests */,
				C5F1A06F1B78F60100456EF4 /* Products */,
			);
			sourceTree = "<group>";
		};
		C5F1A06F1B78F60100456EF4 /* Products */ = {
			isa = PBXGroup;
			children = (
				C5F1A06E1B78F60100456EF4 /* cells.app */,
				C5F1A0831B78F60100456EF4 /* cellsTests.xctest */,
			);
			name = Products;
			sourceTree = "<group>";
		};
		C5F1A0701B78F60100456EF4 /* cells */ = {
			isa = PBXGroup;
			children = (
				C5F1A0731B78F60100456EF4 /* AppDelegate.swift */,
				C5F1A0751B78F60100456EF4 /* ViewController.swift */,
				C5F1A0771B78F60100456EF4 /* Main.storyboard */,
				C5F1A07A1B78F60100456EF4 /* Images.xcassets */,
				C5F1A07C1B78F60100456EF4 /* LaunchScreen.xib */,
				C5F1A0711B78F60100456EF4 /* Supporting Files */,
			);
			path = cells;
			sourceTree = "<group>";
		};
		C5F1A0711B78F60100456EF4 /* Supporting Files */ = {
			isa = PBXGroup;
			children = (
				C5F1A0721B78F60100456EF4 /* Info.plist */,
			);
			name = "Supporting Files";
			sourceTree = "<group>";
		};
		C5F1A0861B78F60100456EF4 /* cellsTests */ = {
			isa = PBXGroup;
			children = (
				C5F1A0891B78F60100456EF4 /* cellsTests.swift */,
				C5F1A0871B78F60100456EF4 /* Supporting Files */,
			);
			path = cellsTests;
			sourceTree = "<group>";
		};
		C5F1A0871B78F60100456EF4 /* Supporting Files */ = {
			isa = PBXGroup;
			children = (
				C5F1A0881B78F60100456EF4 /* Info.plist */,
			);
			name = "Supporting Files";
			sourceTree = "<group>";
		};
/* End PBXGroup section */

/* Begin PBXNativeTarget section */
		C5F1A06D1B78F60100456EF4 /* cells */ = {
			isa = PBXNativeTarget;
			buildConfigurationList = C5F1A08D1B78F60100456EF4 /* Build configuration list for PBXNativeTarget "cells" */;
			buildPhases = (
				C5F1A06A1B78F60100456EF4 /* Sources */,
				C5F1A06B1B78F60100456EF4 /* Frameworks */,
				C5F1A06C1B78F60100456EF4 /* Resources */,
			);
			buildRules = (
			);
			dependencies = (
			);
			name = cells;
			productName = cells;
			productReference = C5F1A06E1B78F60100456EF4 /* cells.app */;
			productType = "com.apple.product-type.application";
		};
		C5F1A0821B78F60100456EF4 /* cellsTests */ = {
			isa = PBXNativeTarget;
			buildConfigurationList = C5F1A0901B78F60100456EF4 /* Build configuration list for PBXNativeTarget "cellsTests" */;
			buildPhases = (
				C5F1A07F1B78F60100456EF4 /* Sources */,
				C5F1A0801B78F60100456EF4 /* Frameworks */,
				C5F1A0811B78F60100456EF4 /* Resources */,
			);
			buildRules = (
			);
			dependencies = (
				C5F1A0851B78F60100456EF4 /* PBXTargetDependency */,
			);
			name = cellsTests;
			productName = cellsTests;
			productReference = C5F1A0831B78F60100456EF4 /* cellsTests.xctest */;
			productType = "com.apple.product-type.bundle.unit-test";
		};
/* End PBXNativeTarget section */

/* Begin PBXProject section */
		C5F1A0661B78F60100456EF4 /* Project object */ = {
			isa = PBXProject;
			attributes = {
				LastSwiftMigration = 0730;
				LastSwiftUpdateCheck = 0730;
				LastUpgradeCheck = 0640;
				ORGANIZATIONNAME = "Warren Seto";
				TargetAttributes = {
					C5F1A06D1B78F60100456EF4 = {
						CreatedOnToolsVersion = 6.4;
					};
					C5F1A0821B78F60100456EF4 = {
						CreatedOnToolsVersion = 6.4;
						TestTargetID = C5F1A06D1B78F60100456EF4;
					};
				};
			};
			buildConfigurationList = C5F1A0691B78F60100456EF4 /* Build configuration list for PBXProject "cells" */;
			compatibilityVersion = "Xcode 3.2";
			developmentRegion = English;
			hasScannedForEncodings = 0;
			knownRegions = (
				en,
				Base,
			);
			mainGroup = C5F1A0651B78F60100456EF4;
			productRefGroup = C5F1A06F1B78F60100456EF4 /* Products */;
			projectDirPath = "";
			projectRoot = "";
			targets = (
				C5F1A06D1B78F60100456EF4 /* cells */,
				C5F1A0821B78F60100456EF4 /* cellsTests */,
			);
		};
/* End PBXProject section */

/* Begin PBXResourcesBuildPhase section */
		C5F1A06C1B78F60100456EF4 /* Resources */ = {
			isa = PBXResourcesBuildPhase;
			buildActionMask = 2147483647;
			files = (
				C5F1A0791B78F60100456EF4 /* Main.storyboard in Resources */,
				C5F1A07E1B78F60100456EF4 /* LaunchScreen.xib in Resources */,
				C5F1A07B1B78F60100456EF4 /* Images.xcassets in Resources */,
			);
			runOnlyForDeploymentPostprocessing = 0;
		};
		C5F1A0811B78F60100456EF4 /* Resources */ = {
			isa = PBXResourcesBuildPhase;
			buildActionMask = 2147483647;
			files = (
			);
			runOnlyForDeploymentPostprocessing = 0;
		};
/* End PBXResourcesBuildPhase section */

/* Begin PBXSourcesBuildPhase section */
		C5F1A06A1B78F60100456EF4 /* Sources */ = {
			isa = PBXSourcesBuildPhase;
			buildActionMask = 2147483647;
			files = (
				C5F1A0761B78F60100456EF4 /* ViewController.swift in Sources */,
				C5F1A0741B78F60100456EF4 /* AppDelegate.swift in Sources */,
			);
			runOnlyForDeploymentPostprocessing = 0;
		};
		C5F1A07F1B78F60100456EF4 /* Sources */ = {
			isa = PBXSourcesBuildPhase;
			buildActionMask = 2147483647;
			files = (
				C5F1A08A1B78F60100456EF4 /* cellsTests.swift in Sources */,
			);
			runOnlyForDeploymentPostprocessing = 0;
		};
/* End PBXSourcesBuildPhase section */

/* Begin PBXTargetDependency section */
		C5F1A0851B78F60100456EF4 /* PBXTargetDependency */ = {
			isa = PBXTargetDependency;
			target = C5F1A06D1B78F60100456EF4 /* cells */;
			targetProxy = C5F1A0841B78F60100456EF4 /* PBXContainerItemProxy */;
		};
/* End PBXTargetDependency section */

/* Begin PBXVariantGroup section */
		C5F1A0771B78F60100456EF4 /* Main.storyboard */ = {
			isa = PBXVariantGroup;
			children = (
				C5F1A0781B78F60100456EF4 /* Base */,
			);
			name = Main.storyboard;
			sourceTree = "<group>";
		};
		C5F1A07C1B78F60100456EF4 /* LaunchScreen.xib */ = {
			isa = PBXVariantGroup;
			children = (
				C5F1A07D1B78F60100456EF4 /* Base */,
			);
			name = LaunchScreen.xib;
			sourceTree = "<group>";
		};
/* End PBXVariantGroup section */

/* Begin XCBuildConfiguration section */
		C5F1A08B1B78F60100456EF4 /* Debug */ = {
			isa = XCBuildConfiguration;
			buildSettings = {
				ALWAYS_SEARCH_USER_PATHS = NO;
				CLANG_CXX_LANGUAGE_STANDARD = "gnu++0x";
				CLANG_CXX_LIBRARY = "libc++";
				CLANG_ENABLE_MODULES = YES;
				CLANG_ENABLE_OBJC_ARC = YES;
				CLANG_WARN_BOOL_CONVERSION = YES;
				CLANG_WARN_CONSTANT_CONVERSION = YES;
				CLANG_WARN_DIRECT_OBJC_ISA_USAGE = YES_ERROR;
				CLANG_WARN_EMPTY_BODY = YES;
				CLANG_WARN_ENUM_CONVERSION = YES;
				CLANG_WARN_INT_CONVERSION = YES;
				CLANG_WARN_OBJC_ROOT_CLASS = YES_ERROR;
				CLANG_WARN_UNREACHABLE_CODE = YES;
				CLANG_WARN__DUPLICATE_METHOD_MATCH = YES;
				"CODE_SIGN_IDENTITY[sdk=iphoneos*]" = "iPhone Developer";
				COPY_PHASE_STRIP = NO;
				DEBUG_INFORMATION_FORMAT = "dwarf-with-dsym";
				ENABLE_STRICT_OBJC_MSGSEND = YES;
				GCC_C_LANGUAGE_STANDARD = gnu99;
				GCC_DYNAMIC_NO_PIC = NO;
				GCC_NO_COMMON_BLOCKS = YES;
				GCC_OPTIMIZATION_LEVEL = 0;
				GCC_PREPROCESSOR_DEFINITIONS = (
					"DEBUG=1",
					"$(inherited)",
				);
				GCC_SYMBOLS_PRIVATE_EXTERN = NO;
				GCC_WARN_64_TO_32_BIT_CONVERSION = YES;
				GCC_WARN_ABOUT_RETURN_TYPE = YES_ERROR;
				GCC_WARN_UNDECLARED_SELECTOR = YES;
				GCC_WARN_UNINITIALIZED_AUTOS = YES_AGGRESSIVE;
				GCC_WARN_UNUSED_FUNCTION = YES;
				GCC_WARN_UNUSED_VARIABLE = YES;
				IPHONEOS_DEPLOYMENT_TARGET = 8.4;
				MTL_ENABLE_DEBUG_INFO = YES;
				ONLY_ACTIVE_ARCH = YES;
				SDKROOT = iphoneos;
				SWIFT_OPTIMIZATION_LEVEL = "-Onone";
			};
			name = Debug;
		};
		C5F1A08C1B78F60100456EF4 /* Release */ = {
			isa = XCBuildConfiguration;
			buildSettings = {
				ALWAYS_SEARCH_USER_PATHS = NO;
				CLANG_CXX_LANGUAGE_STANDARD = "gnu++0x";
				CLANG_CXX_LIBRARY = "libc++";
				CLANG_ENABLE_MODULES = YES;
				CLANG_ENABLE_OBJC_ARC = YES;
				CLANG_WARN_BOOL_CONVERSION = YES;
				CLANG_WARN_CONSTANT_CONVERSION = YES;
				CLANG_WARN_DIRECT_OBJC_ISA_USAGE = YES_ERROR;
				CLANG_WARN_EMPTY_BODY = YES;
				CLANG_WARN_ENUM_CONVERSION = YES;
				CLANG_WARN_INT_CONVERSION = YES;
				CLANG_WARN_OBJC_ROOT_CLASS = YES_ERROR;
				CLANG_WARN_UNREACHABLE_CODE = YES;
				CLANG_WARN__DUPLICATE_METHOD_MATCH = YES;
				"CODE_SIGN_IDENTITY[sdk=iphoneos*]" = "iPhone Developer";
				COPY_PHASE_STRIP = NO;
				DEBUG_INFORMATION_FORMAT = "dwarf-with-dsym";
				ENABLE_NS_ASSERTIONS = NO;
				ENABLE_STRICT_OBJC_MSGSEND = YES;
				GCC_C_LANGUAGE_STANDARD = gnu99;
				GCC_NO_COMMON_BLOCKS = YES;
				GCC_WARN_64_TO_32_BIT_CONVERSION = YES;
				GCC_WARN_ABOUT_RETURN_TYPE = YES_ERROR;
				GCC_WARN_UNDECLARED_SELECTOR = YES;
				GCC_WARN_UNINITIALIZED_AUTOS = YES_AGGRESSIVE;
				GCC_WARN_UNUSED_FUNCTION = YES;
				GCC_WARN_UNUSED_VARIABLE = YES;
				IPHONEOS_DEPLOYMENT_TARGET = 8.4;
				MTL_ENABLE_DEBUG_INFO = NO;
				SDKROOT = iphoneos;
				VALIDATE_PRODUCT = YES;
			};
			name = Release;
		};
		C5F1A08E1B78F60100456EF4 /* Debug */ = {
			isa = XCBuildConfiguration;
			buildSettings = {
				ASSETCATALOG_COMPILER_APPICON_NAME = AppIcon;
				INFOPLIST_FILE = cells/Info.plist;
				IPHONEOS_DEPLOYMENT_TARGET = 7.0;
				LD_RUNPATH_SEARCH_PATHS = "$(inherited) @executable_path/Frameworks";
				PRODUCT_NAME = "$(TARGET_NAME)";
			};
			name = Debug;
		};
		C5F1A08F1B78F60100456EF4 /* Release */ = {
			isa = XCBuildConfiguration;
			buildSettings = {
				ASSETCATALOG_COMPILER_APPICON_NAME = AppIcon;
				INFOPLIST_FILE = cells/Info.plist;
				IPHONEOS_DEPLOYMENT_TARGET = 7.0;
				LD_RUNPATH_SEARCH_PATHS = "$(inherited) @executable_path/Frameworks";
				PRODUCT_NAME = "$(TARGET_NAME)";
			};
			name = Release;
		};
		C5F1A0911B78F60100456EF4 /* Debug */ = {
			isa = XCBuildConfiguration;
			buildSettings = {
				BUNDLE_LOADER = "$(TEST_HOST)";
				FRAMEWORK_SEARCH_PATHS = (
					"$(SDKROOT)/Developer/Library/Frameworks",
					"$(inherited)",
				);
				GCC_PREPROCESSOR_DEFINITIONS = (
					"DEBUG=1",
					"$(inherited)",
				);
				INFOPLIST_FILE = cellsTests/Info.plist;
				LD_RUNPATH_SEARCH_PATHS = "$(inherited) @executable_path/Frameworks @loader_path/Frameworks";
				PRODUCT_NAME = "$(TARGET_NAME)";
				TEST_HOST = "$(BUILT_PRODUCTS_DIR)/cells.app/cells";
			};
			name = Debug;
		};
		C5F1A0921B78F60100456EF4 /* Release */ = {
			isa = XCBuildConfiguration;
			buildSettings = {
				BUNDLE_LOADER = "$(TEST_HOST)";
				FRAMEWORK_SEARCH_PATHS = (
					"$(SDKROOT)/Developer/Library/Frameworks",
					"$(inherited)",
				);
				INFOPLIST_FILE = cellsTests/Info.plist;
				LD_RUNPATH_SEARCH_PATHS = "$(inherited) @executable_path/Frameworks @loader_path/Frameworks";
				PRODUCT_NAME = "$(TARGET_NAME)";
				TEST_HOST = "$(BUILT_PRODUCTS_DIR)/cells.app/cells";
			};
			name = Release;
		};
/* End XCBuildConfiguration section */

/* Begin XCConfigurationList section */
		C5F1A0691B78F60100456EF4 /* Build configuration list for PBXProject "cells" */ = {
			isa = XCConfigurationList;
			buildConfigurations = (
				C5F1A08B1B78F60100456EF4 /* Debug */,
				C5F1A08C1B78F60100456EF4 /* Release */,
			);
			defaultConfigurationIsVisible = 0;
			defaultConfigurationName = Release;
		};
		C5F1A08D1B78F60100456EF4 /* Build configuration list for PBXNativeTarget "cells" */ = {
			isa = XCConfigurationList;
			buildConfigurations = (
				C5F1A08E1B78F60100456EF4 /* Debug */,
				C5F1A08F1B78F60100456EF4 /* Release */,
			);
			defaultConfigurationIsVisible = 0;
			defaultConfigurationName = Release;
		};
		C5F1A0901B78F60100456EF4 /* Build configuration list for PBXNativeTarget "cellsTests" */ = {
			isa = XCConfigurationList;
			buildConfigurations = (
				C5F1A0911B78F60100456EF4 /* Debug */,
				C5F1A0921B78F60100456EF4 /* Release */,
			);
			defaultConfigurationIsVisible = 0;
			defaultConfigurationName = Release;
		};
/* End XCConfigurationList section */
	};
	rootObject = C5F1A0661B78F60100456EF4 /* Project object */;
}
